
Microsoft Visual Studio Solution File, Format Version 12.00
# Visual Studio Version 17
VisualStudioVersion = 17.11.35303.130
MinimumVisualStudioVersion = 10.0.40219.1
Project("{2150E333-8FDC-42A3-9474-1A3956D46DE8}") = "Task0", "Task0", "{81E25FDA-5BE7-4603-A996-4714D39228A5}"
EndProject
Project("{9A19103F-16F7-4668-BE54-9A1E7A4F7556}") = "Tyuiu.MedvedevMM.Sprint1.Task0.V14", "Tyuiu.MedvedevMM.Sprint1.Task0.V14\Tyuiu.MedvedevMM.Sprint1.Task0.V14.csproj", "{A3F1FE5A-00D0-4458-9877-9E0C2A0C4260}"
EndProject
Project("{9A19103F-16F7-4668-BE54-9A1E7A4F7556}") = "Tyuiu.MedvedevMM.Sprint1.Task0.V14.Test", "Tyuiu.MedvedevMM.Sprint1.Task0.V14.Test\Tyuiu.MedvedevMM.Sprint1.Task0.V14.Test.csproj", "{BFB9F59D-DEAE-45C1-8EF8-A96DE6EDBFB1}"
EndProject
Project("{9A19103F-16F7-4668-BE54-9A1E7A4F7556}") = "Tyuiu.MedvedevMM.Sprint1.Task0.V14.Lib", "Tyuiu.MedvedevMM.Sprint1.Task0.V14.Lib\Tyuiu.MedvedevMM.Sprint1.Task0.V14.Lib.csproj", "{B703FA6D-7522-4FE9-A045-24C08FD80105}"
EndProject
Project("{2150E333-8FDC-42A3-9474-1A3956D46DE8}") = "Task1", "Task1", "{F11445CE-28AE-4D20-A634-8B2D4B09BE7B}"
EndProject
Project("{9A19103F-16F7-4668-BE54-9A1E7A4F7556}") = "Tyuiu.MedvedevMM.Sprint1.Task1.V5", "Tyuiu.MedvedevMM.Sprint1.Task1.V5\Tyuiu.MedvedevMM.Sprint1.Task1.V5.csproj", "{2DB25B6E-4964-4297-9F22-641598559434}"
EndProject
Project("{9A19103F-16F7-4668-BE54-9A1E7A4F7556}") = "Tyuiu.MedvedevMM.Sprint1.Task1.V5.Lib", "Tyuiu.MedvedevMM.Sprint1.Task1.V5.Lib\Tyuiu.MedvedevMM.Sprint1.Task1.V5.Lib.csproj", "{08BC687B-C21E-404E-8A3C-92E076584A41}"
EndProject
Project("{9A19103F-16F7-4668-BE54-9A1E7A4F7556}") = "Tyuiu.MedvedevMM.Sprint1.Task1.V5.Test", "Tyuiu.MedvedevMM.Sprint1.Task1.V5.Test\Tyuiu.MedvedevMM.Sprint1.Task1.V5.Test.csproj", "{E8730E40-42BD-4707-A2AA-881B89AB9108}"
EndProject
Project("{2150E333-8FDC-42A3-9474-1A3956D46DE8}") = "Task2", "Task2", "{8B001C49-5B13-4903-95F9-F1B7B8809415}"
EndProject
Project("{9A19103F-16F7-4668-BE54-9A1E7A4F7556}") = "Tyuiu.MedvedevMM.Sprint1.Task2.V24", "Tyuiu.MedvedevMM.Sprint1.Task2.V24\Tyuiu.MedvedevMM.Sprint1.Task2.V24.csproj", "{E32AD567-3498-4D81-9456-EA44E4AFD7FE}"
EndProject
Project("{9A19103F-16F7-4668-BE54-9A1E7A4F7556}") = "Tyuiu.MedvedevMM.Sprint1.Task2.V24.Lib", "Tyuiu.MedvedevMM.Sprint1.Task2.V24.Lib\Tyuiu.MedvedevMM.Sprint1.Task2.V24.Lib.csproj", "{0D4B409E-FAB5-435D-A04D-C452A5F836EE}"
EndProject
Project("{9A19103F-16F7-4668-BE54-9A1E7A4F7556}") = "Tyuiu.MedvedevMM.Sprint1.Task2.V24.Test", "Tyuiu.MedvedevMM.Sprint1.Task2.V24.Test\Tyuiu.MedvedevMM.Sprint1.Task2.V24.Test.csproj", "{B91D0E22-CF1E-489F-830A-D1AB38CB7830}"
EndProject
Project("{2150E333-8FDC-42A3-9474-1A3956D46DE8}") = "Task3", "Task3", "{6051FD0D-234C-4B0D-AFFA-752F035A5281}"
EndProject
Project("{9A19103F-16F7-4668-BE54-9A1E7A4F7556}") = "Tyuiu.MedvedevMM.Sprint1.Task3.V15", "Tyuiu.MedvedevMM.Sprint1.Task3.V15\Tyuiu.MedvedevMM.Sprint1.Task3.V15.csproj", "{9CD5CF61-3F88-44F1-A008-2DFE73D5CE87}"
EndProject
Project("{9A19103F-16F7-4668-BE54-9A1E7A4F7556}") = "Tyuiu.MedvedevMM.Sprint1.Task3.V15.Lib", "Tyuiu.MedvedevMM.Sprint1.Task3.V15.Lib\Tyuiu.MedvedevMM.Sprint1.Task3.V15.Lib.csproj", "{AA36D54B-70B7-4D58-A22D-5E1D6024302F}"
EndProject
Project("{9A19103F-16F7-4668-BE54-9A1E7A4F7556}") = "Tyuiu.MedvedevMM.Sprint1.Task3.V15.Test", "Tyuiu.MedvedevMM.Sprint1.Task3.V15.Test\Tyuiu.MedvedevMM.Sprint1.Task3.V15.Test.csproj", "{B4258758-7B55-4220-8CDC-FCC30986FEE2}"
EndProject
Project("{2150E333-8FDC-42A3-9474-1A3956D46DE8}") = "Task4", "Task4", "{B05A09C7-A31E-4427-BF2F-363F148759FD}"
EndProject
Project("{9A19103F-16F7-4668-BE54-9A1E7A4F7556}") = "Tyuiu.MedvedevMM.Sprint1.Task4.V10", "Tyuiu.MedvedevMM.Sprint1.Task4.V10\Tyuiu.MedvedevMM.Sprint1.Task4.V10.csproj", "{701EB520-9DD2-4E14-9EB0-F21F77F827F4}"
EndProject
Project("{9A19103F-16F7-4668-BE54-9A1E7A4F7556}") = "Tyuiu.MedvedevMM.Sprint1.Task4.V10.Lib", "Tyuiu.MedvedevMM.Sprint1.Task4.V10.Lib\Tyuiu.MedvedevMM.Sprint1.Task4.V10.Lib.csproj", "{9DCD3F25-9DC7-428C-AB7C-2A278550AD02}"
EndProject
Project("{9A19103F-16F7-4668-BE54-9A1E7A4F7556}") = "Tyuiu.MedvedevMM.Sprint1.Task4.V10.Test", "Tyuiu.MedvedevMM.Sprint1.Task4.V10.Test\Tyuiu.MedvedevMM.Sprint1.Task4.V10.Test.csproj", "{B38549D4-8211-43E9-AA11-B02ECA1A05F2}"
EndProject
Project("{2150E333-8FDC-42A3-9474-1A3956D46DE8}") = "Task5", "Task5", "{E24995D5-B998-4352-8549-15169FA8D5BD}"
EndProject
Project("{FAE04EC0-301F-11D3-BF4B-00C04F79EFBC}") = "Tyuiu.MedvedevMM.Sprint1.Task5.V1", "Tyuiu.MedvedevMM.Sprint1.Task5.V1\Tyuiu.MedvedevMM.Sprint1.Task5.V1.csproj", "{59E52EAA-1D6D-4BB0-A0BF-588713DC3965}"
EndProject
Project("{FAE04EC0-301F-11D3-BF4B-00C04F79EFBC}") = "Tyuiu.MedvedevMM.Sprint1.Task5.V1.Lib", "Tyuiu.MedvedevMM.Sprint1.Task5.V1.Lib\Tyuiu.MedvedevMM.Sprint1.Task5.V1.Lib.csproj", "{4CEEB27B-7710-4B57-AFCB-D410EB05764B}"
EndProject
Project("{FAE04EC0-301F-11D3-BF4B-00C04F79EFBC}") = "Tyuiu.MedvedevMM.Sprint1.Task5.V1.Test", "Tyuiu.MedvedevMM.Sprint1.Task5.V1.Test\Tyuiu.MedvedevMM.Sprint1.Task5.V1.Test.csproj", "{E8B2F4DB-3E5F-4E1F-BE9A-2B3738452A29}"
EndProject
Global
	GlobalSection(SolutionConfigurationPlatforms) = preSolution
		Debug|Any CPU = Debug|Any CPU
		Release|Any CPU = Release|Any CPU
	EndGlobalSection
	GlobalSection(ProjectConfigurationPlatforms) = postSolution
		{A3F1FE5A-00D0-4458-9877-9E0C2A0C4260}.Debug|Any CPU.ActiveCfg = Debug|Any CPU
		{A3F1FE5A-00D0-4458-9877-9E0C2A0C4260}.Debug|Any CPU.Build.0 = Debug|Any CPU
		{A3F1FE5A-00D0-4458-9877-9E0C2A0C4260}.Release|Any CPU.ActiveCfg = Release|Any CPU
		{A3F1FE5A-00D0-4458-9877-9E0C2A0C4260}.Release|Any CPU.Build.0 = Release|Any CPU
		{BFB9F59D-DEAE-45C1-8EF8-A96DE6EDBFB1}.Debug|Any CPU.ActiveCfg = Debug|Any CPU
		{BFB9F59D-DEAE-45C1-8EF8-A96DE6EDBFB1}.Debug|Any CPU.Build.0 = Debug|Any CPU
		{BFB9F59D-DEAE-45C1-8EF8-A96DE6EDBFB1}.Release|Any CPU.ActiveCfg = Release|Any CPU
		{BFB9F59D-DEAE-45C1-8EF8-A96DE6EDBFB1}.Release|Any CPU.Build.0 = Release|Any CPU
		{B703FA6D-7522-4FE9-A045-24C08FD80105}.Debug|Any CPU.ActiveCfg = Debug|Any CPU
		{B703FA6D-7522-4FE9-A045-24C08FD80105}.Debug|Any CPU.Build.0 = Debug|Any CPU
		{B703FA6D-7522-4FE9-A045-24C08FD80105}.Release|Any CPU.ActiveCfg = Release|Any CPU
		{B703FA6D-7522-4FE9-A045-24C08FD80105}.Release|Any CPU.Build.0 = Release|Any CPU
		{2DB25B6E-4964-4297-9F22-641598559434}.Debug|Any CPU.ActiveCfg = Debug|Any CPU
		{2DB25B6E-4964-4297-9F22-641598559434}.Debug|Any CPU.Build.0 = Debug|Any CPU
		{2DB25B6E-4964-4297-9F22-641598559434}.Release|Any CPU.ActiveCfg = Release|Any CPU
		{2DB25B6E-4964-4297-9F22-641598559434}.Release|Any CPU.Build.0 = Release|Any CPU
		{08BC687B-C21E-404E-8A3C-92E076584A41}.Debug|Any CPU.ActiveCfg = Debug|Any CPU
		{08BC687B-C21E-404E-8A3C-92E076584A41}.Debug|Any CPU.Build.0 = Debug|Any CPU
		{08BC687B-C21E-404E-8A3C-92E076584A41}.Release|Any CPU.ActiveCfg = Release|Any CPU
		{08BC687B-C21E-404E-8A3C-92E076584A41}.Release|Any CPU.Build.0 = Release|Any CPU
		{E8730E40-42BD-4707-A2AA-881B89AB9108}.Debug|Any CPU.ActiveCfg = Debug|Any CPU
		{E8730E40-42BD-4707-A2AA-881B89AB9108}.Debug|Any CPU.Build.0 = Debug|Any CPU
		{E8730E40-42BD-4707-A2AA-881B89AB9108}.Release|Any CPU.ActiveCfg = Release|Any CPU
		{E8730E40-42BD-4707-A2AA-881B89AB9108}.Release|Any CPU.Build.0 = Release|Any CPU
		{E32AD567-3498-4D81-9456-EA44E4AFD7FE}.Debug|Any CPU.ActiveCfg = Debug|Any CPU
		{E32AD567-3498-4D81-9456-EA44E4AFD7FE}.Debug|Any CPU.Build.0 = Debug|Any CPU
		{E32AD567-3498-4D81-9456-EA44E4AFD7FE}.Release|Any CPU.ActiveCfg = Release|Any CPU
		{E32AD567-3498-4D81-9456-EA44E4AFD7FE}.Release|Any CPU.Build.0 = Release|Any CPU
		{0D4B409E-FAB5-435D-A04D-C452A5F836EE}.Debug|Any CPU.ActiveCfg = Debug|Any CPU
		{0D4B409E-FAB5-435D-A04D-C452A5F836EE}.Debug|Any CPU.Build.0 = Debug|Any CPU
		{0D4B409E-FAB5-435D-A04D-C452A5F836EE}.Release|Any CPU.ActiveCfg = Release|Any CPU
		{0D4B409E-FAB5-435D-A04D-C452A5F836EE}.Release|Any CPU.Build.0 = Release|Any CPU
		{B91D0E22-CF1E-489F-830A-D1AB38CB7830}.Debug|Any CPU.ActiveCfg = Debug|Any CPU
		{B91D0E22-CF1E-489F-830A-D1AB38CB7830}.Debug|Any CPU.Build.0 = Debug|Any CPU
		{B91D0E22-CF1E-489F-830A-D1AB38CB7830}.Release|Any CPU.ActiveCfg = Release|Any CPU
		{B91D0E22-CF1E-489F-830A-D1AB38CB7830}.Release|Any CPU.Build.0 = Release|Any CPU
		{9CD5CF61-3F88-44F1-A008-2DFE73D5CE87}.Debug|Any CPU.ActiveCfg = Debug|Any CPU
		{9CD5CF61-3F88-44F1-A008-2DFE73D5CE87}.Debug|Any CPU.Build.0 = Debug|Any CPU
		{9CD5CF61-3F88-44F1-A008-2DFE73D5CE87}.Release|Any CPU.ActiveCfg = Release|Any CPU
		{9CD5CF61-3F88-44F1-A008-2DFE73D5CE87}.Release|Any CPU.Build.0 = Release|Any CPU
		{AA36D54B-70B7-4D58-A22D-5E1D6024302F}.Debug|Any CPU.ActiveCfg = Debug|Any CPU
		{AA36D54B-70B7-4D58-A22D-5E1D6024302F}.Debug|Any CPU.Build.0 = Debug|Any CPU
		{AA36D54B-70B7-4D58-A22D-5E1D6024302F}.Release|Any CPU.ActiveCfg = Release|Any CPU
		{AA36D54B-70B7-4D58-A22D-5E1D6024302F}.Release|Any CPU.Build.0 = Release|Any CPU
		{B4258758-7B55-4220-8CDC-FCC30986FEE2}.Debug|Any CPU.ActiveCfg = Debug|Any CPU
		{B4258758-7B55-4220-8CDC-FCC30986FEE2}.Debug|Any CPU.Build.0 = Debug|Any CPU
		{B4258758-7B55-4220-8CDC-FCC30986FEE2}.Release|Any CPU.ActiveCfg = Release|Any CPU
		{B4258758-7B55-4220-8CDC-FCC30986FEE2}.Release|Any CPU.Build.0 = Release|Any CPU
		{701EB520-9DD2-4E14-9EB0-F21F77F827F4}.Debug|Any CPU.ActiveCfg = Debug|Any CPU
		{701EB520-9DD2-4E14-9EB0-F21F77F827F4}.Debug|Any CPU.Build.0 = Debug|Any CPU
		{701EB520-9DD2-4E14-9EB0-F21F77F827F4}.Release|Any CPU.ActiveCfg = Release|Any CPU
		{701EB520-9DD2-4E14-9EB0-F21F77F827F4}.Release|Any CPU.Build.0 = Release|Any CPU
		{9DCD3F25-9DC7-428C-AB7C-2A278550AD02}.Debug|Any CPU.ActiveCfg = Debug|Any CPU
		{9DCD3F25-9DC7-428C-AB7C-2A278550AD02}.Debug|Any CPU.Build.0 = Debug|Any CPU
		{9DCD3F25-9DC7-428C-AB7C-2A278550AD02}.Release|Any CPU.ActiveCfg = Release|Any CPU
		{9DCD3F25-9DC7-428C-AB7C-2A278550AD02}.Release|Any CPU.Build.0 = Release|Any CPU
		{B38549D4-8211-43E9-AA11-B02ECA1A05F2}.Debug|Any CPU.ActiveCfg = Debug|Any CPU
		{B38549D4-8211-43E9-AA11-B02ECA1A05F2}.Debug|Any CPU.Build.0 = Debug|Any CPU
		{B38549D4-8211-43E9-AA11-B02ECA1A05F2}.Release|Any CPU.ActiveCfg = Release|Any CPU
		{B38549D4-8211-43E9-AA11-B02ECA1A05F2}.Release|Any CPU.Build.0 = Release|Any CPU
		{59E52EAA-1D6D-4BB0-A0BF-588713DC3965}.Debug|Any CPU.ActiveCfg = Debug|Any CPU
		{59E52EAA-1D6D-4BB0-A0BF-588713DC3965}.Debug|Any CPU.Build.0 = Debug|Any CPU
		{59E52EAA-1D6D-4BB0-A0BF-588713DC3965}.Release|Any CPU.ActiveCfg = Release|Any CPU
		{59E52EAA-1D6D-4BB0-A0BF-588713DC3965}.Release|Any CPU.Build.0 = Release|Any CPU
		{4CEEB27B-7710-4B57-AFCB-D410EB05764B}.Debug|Any CPU.ActiveCfg = Debug|Any CPU
		{4CEEB27B-7710-4B57-AFCB-D410EB05764B}.Debug|Any CPU.Build.0 = Debug|Any CPU
		{4CEEB27B-7710-4B57-AFCB-D410EB05764B}.Release|Any CPU.ActiveCfg = Release|Any CPU
		{4CEEB27B-7710-4B57-AFCB-D410EB05764B}.Release|Any CPU.Build.0 = Release|Any CPU
		{E8B2F4DB-3E5F-4E1F-BE9A-2B3738452A29}.Debug|Any CPU.ActiveCfg = Debug|Any CPU
		{E8B2F4DB-3E5F-4E1F-BE9A-2B3738452A29}.Debug|Any CPU.Build.0 = Debug|Any CPU
		{E8B2F4DB-3E5F-4E1F-BE9A-2B3738452A29}.Release|Any CPU.ActiveCfg = Release|Any CPU
		{E8B2F4DB-3E5F-4E1F-BE9A-2B3738452A29}.Release|Any CPU.Build.0 = Release|Any CPU
	EndGlobalSection
	GlobalSection(SolutionProperties) = preSolution
		HideSolutionNode = FALSE
	EndGlobalSection
	GlobalSection(NestedProjects) = preSolution
		{A3F1FE5A-00D0-4458-9877-9E0C2A0C4260} = {81E25FDA-5BE7-4603-A996-4714D39228A5}
		{BFB9F59D-DEAE-45C1-8EF8-A96DE6EDBFB1} = {81E25FDA-5BE7-4603-A996-4714D39228A5}
		{B703FA6D-7522-4FE9-A045-24C08FD80105} = {81E25FDA-5BE7-4603-A996-4714D39228A5}
		{2DB25B6E-4964-4297-9F22-641598559434} = {F11445CE-28AE-4D20-A634-8B2D4B09BE7B}
		{08BC687B-C21E-404E-8A3C-92E076584A41} = {F11445CE-28AE-4D20-A634-8B2D4B09BE7B}
		{E8730E40-42BD-4707-A2AA-881B89AB9108} = {F11445CE-28AE-4D20-A634-8B2D4B09BE7B}
		{E32AD567-3498-4D81-9456-EA44E4AFD7FE} = {8B001C49-5B13-4903-95F9-F1B7B8809415}
		{0D4B409E-FAB5-435D-A04D-C452A5F836EE} = {8B001C49-5B13-4903-95F9-F1B7B8809415}
		{B91D0E22-CF1E-489F-830A-D1AB38CB7830} = {8B001C49-5B13-4903-95F9-F1B7B8809415}
		{9CD5CF61-3F88-44F1-A008-2DFE73D5CE87} = {6051FD0D-234C-4B0D-AFFA-752F035A5281}
		{AA36D54B-70B7-4D58-A22D-5E1D6024302F} = {6051FD0D-234C-4B0D-AFFA-752F035A5281}
		{B4258758-7B55-4220-8CDC-FCC30986FEE2} = {6051FD0D-234C-4B0D-AFFA-752F035A5281}
		{701EB520-9DD2-4E14-9EB0-F21F77F827F4} = {B05A09C7-A31E-4427-BF2F-363F148759FD}
		{9DCD3F25-9DC7-428C-AB7C-2A278550AD02} = {B05A09C7-A31E-4427-BF2F-363F148759FD}
		{B38549D4-8211-43E9-AA11-B02ECA1A05F2} = {B05A09C7-A31E-4427-BF2F-363F148759FD}
		{59E52EAA-1D6D-4BB0-A0BF-588713DC3965} = {E24995D5-B998-4352-8549-15169FA8D5BD}
		{4CEEB27B-7710-4B57-AFCB-D410EB05764B} = {E24995D5-B998-4352-8549-15169FA8D5BD}
		{E8B2F4DB-3E5F-4E1F-BE9A-2B3738452A29} = {E24995D5-B998-4352-8549-15169FA8D5BD}
	EndGlobalSection
	GlobalSection(ExtensibilityGlobals) = postSolution
		SolutionGuid = {F6D15200-1558-46A2-BC88-F247845DFCBC}
	EndGlobalSection
EndGlobal
